
Microsoft Visual Studio Solution File, Format Version 12.00
# Visual Studio Version 17
VisualStudioVersion = 17.0.32112.339
MinimumVisualStudioVersion = 10.0.40219.1
Project("{FAE04EC0-301F-11D3-BF4B-00C04F79EFBC}") = "Adapter", "Adapter.csproj", "{B551705C-4D1B-4FD8-85CF-BE1B5C2E4A20}"
EndProject
Global
	GlobalSection(SolutionConfigurationPlatforms) = preSolution
		Debug|Any CPU = Debug|Any CPU
		Release|Any CPU = Release|Any CPU
	EndGlobalSection
	GlobalSection(ProjectConfigurationPlatforms) = postSolution
		{B551705C-4D1B-4FD8-85CF-BE1B5C2E4A20}.Debug|Any CPU.ActiveCfg = Debug|Any CPU
		{B551705C-4D1B-4FD8-85CF-BE1B5C2E4A20}.Debug|Any CPU.Build.0 = Debug|Any CPU
		{B551705C-4D1B-4FD8-85CF-BE1B5C2E4A20}.Release|Any CPU.ActiveCfg = Release|Any CPU
		{B551705C-4D1B-4FD8-85CF-BE1B5C2E4A20}.Release|Any CPU.Build.0 = Release|Any CPU
	EndGlobalSection
	GlobalSection(SolutionProperties) = preSolution
		HideSolutionNode = FALSE
	EndGlobalSection
	GlobalSection(ExtensibilityGlobals) = postSolution
		SolutionGuid = {E21F220C-0542-46EE-B5E5-02022164FDCC}
	EndGlobalSection
EndGlobal
